
Microsoft Visual Studio Solution File, Format Version 12.00
# Visual Studio Version 17
VisualStudioVersion = 17.7.34031.279
MinimumVisualStudioVersion = 10.0.40219.1
Project("{FAE04EC0-301F-11D3-BF4B-00C04F79EFBC}") = "HotelSystem.Domain", "HotelSystem.Domain\HotelSystem.Domain.csproj", "{1AD20234-8F8C-45E4-9346-620F10BAA799}"
EndProject
Global
	GlobalSection(SolutionConfigurationPlatforms) = preSolution
		Debug|Any CPU = Debug|Any CPU
		Release|Any CPU = Release|Any CPU
	EndGlobalSection
	GlobalSection(ProjectConfigurationPlatforms) = postSolution
		{1AD20234-8F8C-45E4-9346-620F10BAA799}.Debug|Any CPU.ActiveCfg = Debug|Any CPU
		{1AD20234-8F8C-45E4-9346-620F10BAA799}.Debug|Any CPU.Build.0 = Debug|Any CPU
		{1AD20234-8F8C-45E4-9346-620F10BAA799}.Release|Any CPU.ActiveCfg = Release|Any CPU
		{1AD20234-8F8C-45E4-9346-620F10BAA799}.Release|Any CPU.Build.0 = Release|Any CPU
	EndGlobalSection
	GlobalSection(SolutionProperties) = preSolution
		HideSolutionNode = FALSE
	EndGlobalSection
	GlobalSection(ExtensibilityGlobals) = postSolution
		SolutionGuid = {BE2FADD9-7CE4-4F18-B39C-CCADD4641FE1}
	EndGlobalSection
EndGlobal
